Microsoft Visual Studio Solution File, Format Version 12.00
# Visual Studio Version 17
VisualStudioVersion = 17.5.2.0
MinimumVisualStudioVersion = 10.0.40219.1
Project("{FAE04EC0-301F-11D3-BF4B-00C04F79EFBC}") = "ProjetoFilmesRepo", "ProjetoFilmesRepo.csproj", "{958DA20A-C2CF-0E20-0F29-8CA43602E73A}"
EndProject
Global
	GlobalSection(SolutionConfigurationPlatforms) = preSolution
		Debug|Any CPU = Debug|Any CPU
		Release|Any CPU = Release|Any CPU
	EndGlobalSection
	GlobalSection(ProjectConfigurationPlatforms) = postSolution
		{958DA20A-C2CF-0E20-0F29-8CA43602E73A}.Debug|Any CPU.ActiveCfg = Debug|Any CPU
		{958DA20A-C2CF-0E20-0F29-8CA43602E73A}.Debug|Any CPU.Build.0 = Debug|Any CPU
		{958DA20A-C2CF-0E20-0F29-8CA43602E73A}.Release|Any CPU.ActiveCfg = Release|Any CPU
		{958DA20A-C2CF-0E20-0F29-8CA43602E73A}.Release|Any CPU.Build.0 = Release|Any CPU
	EndGlobalSection
	GlobalSection(SolutionProperties) = preSolution
		HideSolutionNode = FALSE
	EndGlobalSection
	GlobalSection(ExtensibilityGlobals) = postSolution
		SolutionGuid = {74897CA5-686F-476C-B1F3-A379FEB65E00}
	EndGlobalSection
EndGlobal
